
Microsoft Visual Studio Solution File, Format Version 12.00
# Visual Studio Version 17
VisualStudioVersion = 17.6.33815.320
MinimumVisualStudioVersion = 10.0.40219.1
Project("{FAE04EC0-301F-11D3-BF4B-00C04F79EFBC}") = "RetailAccounts", "RetailAccounts\RetailAccounts.csproj", "{F46662F9-7143-4931-AE2C-5FB5F2A5CCBB}"
EndProject
Global
	GlobalSection(SolutionConfigurationPlatforms) = preSolution
		Debug|Any CPU = Debug|Any CPU
		Release|Any CPU = Release|Any CPU
	EndGlobalSection
	GlobalSection(ProjectConfigurationPlatforms) = postSolution
		{F46662F9-7143-4931-AE2C-5FB5F2A5CCBB}.Debug|Any CPU.ActiveCfg = Debug|Any CPU
		{F46662F9-7143-4931-AE2C-5FB5F2A5CCBB}.Debug|Any CPU.Build.0 = Debug|Any CPU
		{F46662F9-7143-4931-AE2C-5FB5F2A5CCBB}.Release|Any CPU.ActiveCfg = Release|Any CPU
		{F46662F9-7143-4931-AE2C-5FB5F2A5CCBB}.Release|Any CPU.Build.0 = Release|Any CPU
	EndGlobalSection
	GlobalSection(SolutionProperties) = preSolution
		HideSolutionNode = FALSE
	EndGlobalSection
	GlobalSection(ExtensibilityGlobals) = postSolution
		SolutionGuid = {ED3846B7-2A25-433D-BA09-10A6174F9F58}
	EndGlobalSection
EndGlobal
